
Microsoft Visual Studio Solution File, Format Version 12.00
# Visual Studio 15
VisualStudioVersion = 15.0.28307.779
MinimumVisualStudioVersion = 10.0.40219.1
Project("{FAE04EC0-301F-11D3-BF4B-00C04F79EFBC}") = "AADB2C.WebAPI", "AADB2C.WebAPI\AADB2C.WebAPI.csproj", "{6A72E7AD-1414-45E1-89A2-B2A29B349A33}"
EndProject
Project("{FAE04EC0-301F-11D3-BF4B-00C04F79EFBC}") = "AADB2C.WebAPI.BasicAuth", "AADB2C.WebAPI.BasicAuth\AADB2C.WebAPI.BasicAuth.csproj", "{E7074395-A3D4-4AFD-AD2E-DED6D7D1BFE0}"
EndProject
Project("{FAE04EC0-301F-11D3-BF4B-00C04F79EFBC}") = "AADB2C.WebAPI.ClientCert", "AADB2C.WebAPI.ClientCert\AADB2C.WebAPI.ClientCert.csproj", "{28504272-21DA-428E-A71E-D7A89D83176B}"
EndProject
Global
	GlobalSection(SolutionConfigurationPlatforms) = preSolution
		Debug|Any CPU = Debug|Any CPU
		Release|Any CPU = Release|Any CPU
	EndGlobalSection
	GlobalSection(ProjectConfigurationPlatforms) = postSolution
		{6A72E7AD-1414-45E1-89A2-B2A29B349A33}.Debug|Any CPU.ActiveCfg = Debug|Any CPU
		{6A72E7AD-1414-45E1-89A2-B2A29B349A33}.Debug|Any CPU.Build.0 = Debug|Any CPU
		{6A72E7AD-1414-45E1-89A2-B2A29B349A33}.Release|Any CPU.ActiveCfg = Release|Any CPU
		{6A72E7AD-1414-45E1-89A2-B2A29B349A33}.Release|Any CPU.Build.0 = Release|Any CPU
		{E7074395-A3D4-4AFD-AD2E-DED6D7D1BFE0}.Debug|Any CPU.ActiveCfg = Debug|Any CPU
		{E7074395-A3D4-4AFD-AD2E-DED6D7D1BFE0}.Debug|Any CPU.Build.0 = Debug|Any CPU
		{E7074395-A3D4-4AFD-AD2E-DED6D7D1BFE0}.Release|Any CPU.ActiveCfg = Release|Any CPU
		{E7074395-A3D4-4AFD-AD2E-DED6D7D1BFE0}.Release|Any CPU.Build.0 = Release|Any CPU
		{28504272-21DA-428E-A71E-D7A89D83176B}.Debug|Any CPU.ActiveCfg = Debug|Any CPU
		{28504272-21DA-428E-A71E-D7A89D83176B}.Debug|Any CPU.Build.0 = Debug|Any CPU
		{28504272-21DA-428E-A71E-D7A89D83176B}.Release|Any CPU.ActiveCfg = Release|Any CPU
		{28504272-21DA-428E-A71E-D7A89D83176B}.Release|Any CPU.Build.0 = Release|Any CPU
	EndGlobalSection
	GlobalSection(SolutionProperties) = preSolution
		HideSolutionNode = FALSE
	EndGlobalSection
	GlobalSection(ExtensibilityGlobals) = postSolution
		SolutionGuid = {FDC06D2D-E079-4204-9173-249F61D81C57}
	EndGlobalSection
EndGlobal
