
Microsoft Visual Studio Solution File, Format Version 12.00
# Visual Studio Version 16
VisualStudioVersion = 16.0.29418.71
MinimumVisualStudioVersion = 10.0.40219.1
Project("{FAE04EC0-301F-11D3-BF4B-00C04F79EFBC}") = "AADB2C.WebAPI", "AADB2C.WebAPI\AADB2C.WebAPI.csproj", "{8996F520-D36E-4EBC-8D08-5665FD6FF57B}"
EndProject
Project("{FAE04EC0-301F-11D3-BF4B-00C04F79EFBC}") = "AADB2C.WebAPI.ClientCert", "AADB2C.WebAPI.ClientCert\AADB2C.WebAPI.ClientCert.csproj", "{91DFE75F-9948-464E-8E56-674E08FA6A17}"
EndProject
Global
	GlobalSection(SolutionConfigurationPlatforms) = preSolution
		Debug|Any CPU = Debug|Any CPU
		Release|Any CPU = Release|Any CPU
	EndGlobalSection
	GlobalSection(ProjectConfigurationPlatforms) = postSolution
		{8996F520-D36E-4EBC-8D08-5665FD6FF57B}.Debug|Any CPU.ActiveCfg = Debug|Any CPU
		{8996F520-D36E-4EBC-8D08-5665FD6FF57B}.Debug|Any CPU.Build.0 = Debug|Any CPU
		{8996F520-D36E-4EBC-8D08-5665FD6FF57B}.Release|Any CPU.ActiveCfg = Release|Any CPU
		{8996F520-D36E-4EBC-8D08-5665FD6FF57B}.Release|Any CPU.Build.0 = Release|Any CPU
		{91DFE75F-9948-464E-8E56-674E08FA6A17}.Debug|Any CPU.ActiveCfg = Debug|Any CPU
		{91DFE75F-9948-464E-8E56-674E08FA6A17}.Debug|Any CPU.Build.0 = Debug|Any CPU
		{91DFE75F-9948-464E-8E56-674E08FA6A17}.Release|Any CPU.ActiveCfg = Release|Any CPU
		{91DFE75F-9948-464E-8E56-674E08FA6A17}.Release|Any CPU.Build.0 = Release|Any CPU
	EndGlobalSection
	GlobalSection(SolutionProperties) = preSolution
		HideSolutionNode = FALSE
	EndGlobalSection
	GlobalSection(ExtensibilityGlobals) = postSolution
		SolutionGuid = {D28BEA0F-62BF-4263-8A13-FD0C4375878F}
	EndGlobalSection
EndGlobal
